{
  "name": "StockProphet_Project",
  "lockfileVersion": 3,
  "requires": true,
  "packages": {
    "": {
      "dependencies": {
        "floatthead": "^2.2.5"
      }
    },
    "node_modules/floatthead": {
      "version": "2.2.5",
      "resolved": "https://registry.npmjs.org/floatthead/-/floatthead-2.2.5.tgz",
      "integrity": "sha512-kpSxF0FWhrJMIy/Fu28oMXD8HNzHMwOJsgZ3n+IyRSCH39zaQtUDVq90XxJl3ZRzuWeyn+d802UNzsVqBoBa9w=="
    }
  }
}
