
Microsoft Visual Studio Solution File, Format Version 12.00
# Visual Studio Version 17
VisualStudioVersion = 17.8.34525.116
MinimumVisualStudioVersion = 10.0.40219.1
Project("{9A19103F-16F7-4668-BE54-9A1E7A4F7556}") = "StockProphet_Project", "StockProphet_Project\StockProphet_Project.csproj", "{49F2F6F7-A1A1-49E4-A8FD-9792BF9E92C5}"
EndProject
Global
	GlobalSection(SolutionConfigurationPlatforms) = preSolution
		Debug|Any CPU = Debug|Any CPU
		Release|Any CPU = Release|Any CPU
	EndGlobalSection
	GlobalSection(ProjectConfigurationPlatforms) = postSolution
		{49F2F6F7-A1A1-49E4-A8FD-9792BF9E92C5}.Debug|Any CPU.ActiveCfg = Debug|Any CPU
		{49F2F6F7-A1A1-49E4-A8FD-9792BF9E92C5}.Debug|Any CPU.Build.0 = Debug|Any CPU
		{49F2F6F7-A1A1-49E4-A8FD-9792BF9E92C5}.Release|Any CPU.ActiveCfg = Release|Any CPU
		{49F2F6F7-A1A1-49E4-A8FD-9792BF9E92C5}.Release|Any CPU.Build.0 = Release|Any CPU
	EndGlobalSection
	GlobalSection(SolutionProperties) = preSolution
		HideSolutionNode = FALSE
	EndGlobalSection
	GlobalSection(ExtensibilityGlobals) = postSolution
		SolutionGuid = {293A7160-B1DE-4080-BF15-11E42E6CF5A3}
	EndGlobalSection
EndGlobal
